
Microsoft Visual Studio Solution File, Format Version 12.00
# Visual Studio Version 17
VisualStudioVersion = 17.2.32630.192
MinimumVisualStudioVersion = 10.0.40219.1
Project("{FAE04EC0-301F-11D3-BF4B-00C04F79EFBC}") = "JogoDaVelhaV1", "JogoDaVelhaV1\JogoDaVelhaV1.csproj", "{1624062A-A01D-4BCA-AC11-53C45D7FF044}"
EndProject
Global
	GlobalSection(SolutionConfigurationPlatforms) = preSolution
		Debug|Any CPU = Debug|Any CPU
		Release|Any CPU = Release|Any CPU
	EndGlobalSection
	GlobalSection(ProjectConfigurationPlatforms) = postSolution
		{1624062A-A01D-4BCA-AC11-53C45D7FF044}.Debug|Any CPU.ActiveCfg = Debug|Any CPU
		{1624062A-A01D-4BCA-AC11-53C45D7FF044}.Debug|Any CPU.Build.0 = Debug|Any CPU
		{1624062A-A01D-4BCA-AC11-53C45D7FF044}.Release|Any CPU.ActiveCfg = Release|Any CPU
		{1624062A-A01D-4BCA-AC11-53C45D7FF044}.Release|Any CPU.Build.0 = Release|Any CPU
	EndGlobalSection
	GlobalSection(SolutionProperties) = preSolution
		HideSolutionNode = FALSE
	EndGlobalSection
	GlobalSection(ExtensibilityGlobals) = postSolution
		SolutionGuid = {7D5F78EA-5E03-4F44-A92C-F387D6DC16AE}
	EndGlobalSection
EndGlobal
